// !$*UTF8*$!
{
	archiveVersion = 1;
	classes = {
	};
	objectVersion = 56;
	objects = {

/* Begin PBXBuildFile section */
		B90A53962C1B9306005123A4 /* EditExeriseView.swift in Sources */ = {isa = PBXBuildFile; fileRef = B90A53952C1B9306005123A4 /* EditExeriseView.swift */; };
		B90A539D2C218020005123A4 /* EditWorkoutView.swift in Sources */ = {isa = PBXBuildFile; fileRef = B90A539C2C218020005123A4 /* EditWorkoutView.swift */; };
		B90C9FBC2C19F42900EE25F2 /* SetStatApp.swift in Sources */ = {isa = PBXBuildFile; fileRef = B90C9FBB2C19F42900EE25F2 /* SetStatApp.swift */; };
		B90C9FBE2C19F42900EE25F2 /* ContentView.swift in Sources */ = {isa = PBXBuildFile; fileRef = B90C9FBD2C19F42900EE25F2 /* ContentView.swift */; };
		B90C9FC02C19F42B00EE25F2 /* Assets.xcassets in Resources */ = {isa = PBXBuildFile; fileRef = B90C9FBF2C19F42B00EE25F2 /* Assets.xcassets */; };
		B90C9FC32C19F42B00EE25F2 /* Preview Assets.xcassets in Resources */ = {isa = PBXBuildFile; fileRef = B90C9FC22C19F42B00EE25F2 /* Preview Assets.xcassets */; };
		B90C9FCD2C19F42B00EE25F2 /* SetStatTests.swift in Sources */ = {isa = PBXBuildFile; fileRef = B90C9FCC2C19F42B00EE25F2 /* SetStatTests.swift */; };
		B90C9FD72C19F42B00EE25F2 /* SetStatUITests.swift in Sources */ = {isa = PBXBuildFile; fileRef = B90C9FD62C19F42B00EE25F2 /* SetStatUITests.swift */; };
		B90C9FD92C19F42B00EE25F2 /* SetStatUITestsLaunchTests.swift in Sources */ = {isa = PBXBuildFile; fileRef = B90C9FD82C19F42B00EE25F2 /* SetStatUITestsLaunchTests.swift */; };
		B90C9FE72C19F43F00EE25F2 /* Exercise.swift in Sources */ = {isa = PBXBuildFile; fileRef = B90C9FE62C19F43F00EE25F2 /* Exercise.swift */; };
		B90C9FE92C19F57C00EE25F2 /* ExerciseName.swift in Sources */ = {isa = PBXBuildFile; fileRef = B90C9FE82C19F57C00EE25F2 /* ExerciseName.swift */; };
		B90C9FEB2C19F5B900EE25F2 /* Set.swift in Sources */ = {isa = PBXBuildFile; fileRef = B90C9FEA2C19F5B900EE25F2 /* Set.swift */; };
		B90C9FED2C19F61900EE25F2 /* Workout.swift in Sources */ = {isa = PBXBuildFile; fileRef = B90C9FEC2C19F61900EE25F2 /* Workout.swift */; };
		B90C9FF02C19FA1200EE25F2 /* AddWorkoutView.swift in Sources */ = {isa = PBXBuildFile; fileRef = B90C9FEF2C19FA1200EE25F2 /* AddWorkoutView.swift */; };
		B90C9FF22C1AECFD00EE25F2 /* AddExerciseView.swift in Sources */ = {isa = PBXBuildFile; fileRef = B90C9FF12C1AECFD00EE25F2 /* AddExerciseView.swift */; };
		B912D1992C381E9300AB07CA /* WorkoutListView.swift in Sources */ = {isa = PBXBuildFile; fileRef = B912D1982C381E9300AB07CA /* WorkoutListView.swift */; };
		B91FE9D52C2F10E100DAA15E /* HomeView.swift in Sources */ = {isa = PBXBuildFile; fileRef = B91FE9D42C2F10E100DAA15E /* HomeView.swift */; };
		B91FE9DA2C2F118300DAA15E /* HistoryView.swift in Sources */ = {isa = PBXBuildFile; fileRef = B91FE9D92C2F118300DAA15E /* HistoryView.swift */; };
		B91FE9DD2C2F11BA00DAA15E /* StatsView.swift in Sources */ = {isa = PBXBuildFile; fileRef = B91FE9DC2C2F11BA00DAA15E /* StatsView.swift */; };
		B91FE9E12C31704C00DAA15E /* Router.swift in Sources */ = {isa = PBXBuildFile; fileRef = B91FE9E02C31704C00DAA15E /* Router.swift */; };
		B94609A72C5C0E8E00CB743E /* ExerciseStatListTile.swift in Sources */ = {isa = PBXBuildFile; fileRef = B94609A62C5C0E8E00CB743E /* ExerciseStatListTile.swift */; };
		B94609A92C62356300CB743E /* Inject in Frameworks */ = {isa = PBXBuildFile; productRef = B94609A82C62356300CB743E /* Inject */; };
		B94609AB2C62356E00CB743E /* NavigationTransitions in Frameworks */ = {isa = PBXBuildFile; productRef = B94609AA2C62356E00CB743E /* NavigationTransitions */; };
		B9EA0AA82C402FF0009DCA2A /* WorkoutDetailView.swift in Sources */ = {isa = PBXBuildFile; fileRef = B9EA0AA72C402FF0009DCA2A /* WorkoutDetailView.swift */; };
		B9EA0AAD2C57B967009DCA2A /* PreviousExerciseView.swift in Sources */ = {isa = PBXBuildFile; fileRef = B9EA0AAC2C57B967009DCA2A /* PreviousExerciseView.swift */; };
		B9EA0AAF2C590190009DCA2A /* ExerciseStatsView.swift in Sources */ = {isa = PBXBuildFile; fileRef = B9EA0AAE2C590190009DCA2A /* ExerciseStatsView.swift */; };
/* End PBXBuildFile section */

/* Begin PBXContainerItemProxy section */
		B90C9FC92C19F42B00EE25F2 /* PBXContainerItemProxy */ = {
			isa = PBXContainerItemProxy;
			containerPortal = B90C9FB02C19F42900EE25F2 /* Project object */;
			proxyType = 1;
			remoteGlobalIDString = B90C9FB72C19F42900EE25F2;
			remoteInfo = SetStat;
		};
		B90C9FD32C19F42B00EE25F2 /* PBXContainerItemProxy */ = {
			isa = PBXContainerItemProxy;
			containerPortal = B90C9FB02C19F42900EE25F2 /* Project object */;
			proxyType = 1;
			remoteGlobalIDString = B90C9FB72C19F42900EE25F2;
			remoteInfo = SetStat;
		};
/* End PBXContainerItemProxy section */

/* Begin PBXFileReference section */
		B90A53952C1B9306005123A4 /* EditExeriseView.swift */ = {isa = PBXFileReference; lastKnownFileType = sourcecode.swift; path = EditExeriseView.swift; sourceTree = "<group>"; };
		B90A539C2C218020005123A4 /* EditWorkoutView.swift */ = {isa = PBXFileReference; lastKnownFileType = sourcecode.swift; path = EditWorkoutView.swift; sourceTree = "<group>"; };
		B90C9FB82C19F42900EE25F2 /* SetStat.app */ = {isa = PBXFileReference; explicitFileType = wrapper.application; includeInIndex = 0; path = SetStat.app; sourceTree = BUILT_PRODUCTS_DIR; };
		B90C9FBB2C19F42900EE25F2 /* SetStatApp.swift */ = {isa = PBXFileReference; lastKnownFileType = sourcecode.swift; path = SetStatApp.swift; sourceTree = "<group>"; };
		B90C9FBD2C19F42900EE25F2 /* ContentView.swift */ = {isa = PBXFileReference; lastKnownFileType = sourcecode.swift; path = ContentView.swift; sourceTree = "<group>"; };
		B90C9FBF2C19F42B00EE25F2 /* Assets.xcassets */ = {isa = PBXFileReference; lastKnownFileType = folder.assetcatalog; path = Assets.xcassets; sourceTree = "<group>"; };
		B90C9FC22C19F42B00EE25F2 /* Preview Assets.xcassets */ = {isa = PBXFileReference; lastKnownFileType = folder.assetcatalog; path = "Preview Assets.xcassets"; sourceTree = "<group>"; };
		B90C9FC82C19F42B00EE25F2 /* SetStatTests.xctest */ = {isa = PBXFileReference; explicitFileType = wrapper.cfbundle; includeInIndex = 0; path = SetStatTests.xctest; sourceTree = BUILT_PRODUCTS_DIR; };
		B90C9FCC2C19F42B00EE25F2 /* SetStatTests.swift */ = {isa = PBXFileReference; lastKnownFileType = sourcecode.swift; path = SetStatTests.swift; sourceTree = "<group>"; };
		B90C9FD22C19F42B00EE25F2 /* SetStatUITests.xctest */ = {isa = PBXFileReference; explicitFileType = wrapper.cfbundle; includeInIndex = 0; path = SetStatUITests.xctest; sourceTree = BUILT_PRODUCTS_DIR; };
		B90C9FD62C19F42B00EE25F2 /* SetStatUITests.swift */ = {isa = PBXFileReference; lastKnownFileType = sourcecode.swift; path = SetStatUITests.swift; sourceTree = "<group>"; };
		B90C9FD82C19F42B00EE25F2 /* SetStatUITestsLaunchTests.swift */ = {isa = PBXFileReference; lastKnownFileType = sourcecode.swift; path = SetStatUITestsLaunchTests.swift; sourceTree = "<group>"; };
		B90C9FE62C19F43F00EE25F2 /* Exercise.swift */ = {isa = PBXFileReference; lastKnownFileType = sourcecode.swift; path = Exercise.swift; sourceTree = "<group>"; };
		B90C9FE82C19F57C00EE25F2 /* ExerciseName.swift */ = {isa = PBXFileReference; lastKnownFileType = sourcecode.swift; path = ExerciseName.swift; sourceTree = "<group>"; };
		B90C9FEA2C19F5B900EE25F2 /* Set.swift */ = {isa = PBXFileReference; lastKnownFileType = sourcecode.swift; path = Set.swift; sourceTree = "<group>"; };
		B90C9FEC2C19F61900EE25F2 /* Workout.swift */ = {isa = PBXFileReference; lastKnownFileType = sourcecode.swift; path = Workout.swift; sourceTree = "<group>"; };
		B90C9FEF2C19FA1200EE25F2 /* AddWorkoutView.swift */ = {isa = PBXFileReference; lastKnownFileType = sourcecode.swift; path = AddWorkoutView.swift; sourceTree = "<group>"; };
		B90C9FF12C1AECFD00EE25F2 /* AddExerciseView.swift */ = {isa = PBXFileReference; lastKnownFileType = sourcecode.swift; path = AddExerciseView.swift; sourceTree = "<group>"; };
		B912D1982C381E9300AB07CA /* WorkoutListView.swift */ = {isa = PBXFileReference; lastKnownFileType = sourcecode.swift; path = WorkoutListView.swift; sourceTree = "<group>"; };
		B91FE9D42C2F10E100DAA15E /* HomeView.swift */ = {isa = PBXFileReference; lastKnownFileType = sourcecode.swift; path = HomeView.swift; sourceTree = "<group>"; };
		B91FE9D92C2F118300DAA15E /* HistoryView.swift */ = {isa = PBXFileReference; lastKnownFileType = sourcecode.swift; path = HistoryView.swift; sourceTree = "<group>"; };
		B91FE9DC2C2F11BA00DAA15E /* StatsView.swift */ = {isa = PBXFileReference; lastKnownFileType = sourcecode.swift; path = StatsView.swift; sourceTree = "<group>"; };
		B91FE9E02C31704C00DAA15E /* Router.swift */ = {isa = PBXFileReference; lastKnownFileType = sourcecode.swift; path = Router.swift; sourceTree = "<group>"; };
		B94609A62C5C0E8E00CB743E /* ExerciseStatListTile.swift */ = {isa = PBXFileReference; lastKnownFileType = sourcecode.swift; path = ExerciseStatListTile.swift; sourceTree = "<group>"; };
		B9EA0AA72C402FF0009DCA2A /* WorkoutDetailView.swift */ = {isa = PBXFileReference; lastKnownFileType = sourcecode.swift; path = WorkoutDetailView.swift; sourceTree = "<group>"; };
		B9EA0AAC2C57B967009DCA2A /* PreviousExerciseView.swift */ = {isa = PBXFileReference; lastKnownFileType = sourcecode.swift; path = PreviousExerciseView.swift; sourceTree = "<group>"; };
		B9EA0AAE2C590190009DCA2A /* ExerciseStatsView.swift */ = {isa = PBXFileReference; lastKnownFileType = sourcecode.swift; path = ExerciseStatsView.swift; sourceTree = "<group>"; };
/* End PBXFileReference section */

/* Begin PBXFrameworksBuildPhase section */
		B90C9FB52C19F42900EE25F2 /* Frameworks */ = {
			isa = PBXFrameworksBuildPhase;
			buildActionMask = 2147483647;
			files = (
				B94609A92C62356300CB743E /* Inject in Frameworks */,
				B94609AB2C62356E00CB743E /* NavigationTransitions in Frameworks */,
			);
			runOnlyForDeploymentPostprocessing = 0;
		};
		B90C9FC52C19F42B00EE25F2 /* Frameworks */ = {
			isa = PBXFrameworksBuildPhase;
			buildActionMask = 2147483647;
			files = (
			);
			runOnlyForDeploymentPostprocessing = 0;
		};
		B90C9FCF2C19F42B00EE25F2 /* Frameworks */ = {
			isa = PBXFrameworksBuildPhase;
			buildActionMask = 2147483647;
			files = (
			);
			runOnlyForDeploymentPostprocessing = 0;
		};
/* End PBXFrameworksBuildPhase section */

/* Begin PBXGroup section */
		B90C9FAF2C19F42900EE25F2 = {
			isa = PBXGroup;
			children = (
				B90C9FBA2C19F42900EE25F2 /* SetStat */,
				B90C9FCB2C19F42B00EE25F2 /* SetStatTests */,
				B90C9FD52C19F42B00EE25F2 /* SetStatUITests */,
				B90C9FB92C19F42900EE25F2 /* Products */,
			);
			sourceTree = "<group>";
		};
		B90C9FB92C19F42900EE25F2 /* Products */ = {
			isa = PBXGroup;
			children = (
				B90C9FB82C19F42900EE25F2 /* SetStat.app */,
				B90C9FC82C19F42B00EE25F2 /* SetStatTests.xctest */,
				B90C9FD22C19F42B00EE25F2 /* SetStatUITests.xctest */,
			);
			name = Products;
			sourceTree = "<group>";
		};
		B90C9FBA2C19F42900EE25F2 /* SetStat */ = {
			isa = PBXGroup;
			children = (
				B91FE9D32C2F10CC00DAA15E /* Home Tab */,
				B91FE9D62C2F115600DAA15E /* History Tab */,
				B91FE9DB2C2F11AB00DAA15E /* Stats Tab */,
				B91FE9D22C2EA67C00DAA15E /* Shared Components */,
				B91FE9D12C2EA67600DAA15E /* Services */,
				B90C9FEE2C19FA0400EE25F2 /* View */,
				B90C9FE52C19F43000EE25F2 /* Model */,
				B90C9FBB2C19F42900EE25F2 /* SetStatApp.swift */,
				B90C9FBD2C19F42900EE25F2 /* ContentView.swift */,
				B90C9FBF2C19F42B00EE25F2 /* Assets.xcassets */,
				B90C9FC12C19F42B00EE25F2 /* Preview Content */,
			);
			path = SetStat;
			sourceTree = "<group>";
		};
		B90C9FC12C19F42B00EE25F2 /* Preview Content */ = {
			isa = PBXGroup;
			children = (
				B90C9FC22C19F42B00EE25F2 /* Preview Assets.xcassets */,
			);
			path = "Preview Content";
			sourceTree = "<group>";
		};
		B90C9FCB2C19F42B00EE25F2 /* SetStatTests */ = {
			isa = PBXGroup;
			children = (
				B90C9FCC2C19F42B00EE25F2 /* SetStatTests.swift */,
			);
			path = SetStatTests;
			sourceTree = "<group>";
		};
		B90C9FD52C19F42B00EE25F2 /* SetStatUITests */ = {
			isa = PBXGroup;
			children = (
				B90C9FD62C19F42B00EE25F2 /* SetStatUITests.swift */,
				B90C9FD82C19F42B00EE25F2 /* SetStatUITestsLaunchTests.swift */,
			);
			path = SetStatUITests;
			sourceTree = "<group>";
		};
		B90C9FE52C19F43000EE25F2 /* Model */ = {
			isa = PBXGroup;
			children = (
				B90C9FE62C19F43F00EE25F2 /* Exercise.swift */,
				B90C9FE82C19F57C00EE25F2 /* ExerciseName.swift */,
				B90C9FEA2C19F5B900EE25F2 /* Set.swift */,
				B90C9FEC2C19F61900EE25F2 /* Workout.swift */,
			);
			path = Model;
			sourceTree = "<group>";
		};
		B90C9FEE2C19FA0400EE25F2 /* View */ = {
			isa = PBXGroup;
			children = (
				B90C9FEF2C19FA1200EE25F2 /* AddWorkoutView.swift */,
				B90C9FF12C1AECFD00EE25F2 /* AddExerciseView.swift */,
				B90A53952C1B9306005123A4 /* EditExeriseView.swift */,
				B90A539C2C218020005123A4 /* EditWorkoutView.swift */,
				B912D1982C381E9300AB07CA /* WorkoutListView.swift */,
				B9EA0AA72C402FF0009DCA2A /* WorkoutDetailView.swift */,
				B9EA0AAC2C57B967009DCA2A /* PreviousExerciseView.swift */,
				B9EA0AAE2C590190009DCA2A /* ExerciseStatsView.swift */,
				B94609A62C5C0E8E00CB743E /* ExerciseStatListTile.swift */,
			);
			path = View;
			sourceTree = "<group>";
		};
		B91FE9D12C2EA67600DAA15E /* Services */ = {
			isa = PBXGroup;
			children = (
				B91FE9E02C31704C00DAA15E /* Router.swift */,
			);
			path = Services;
			sourceTree = "<group>";
		};
		B91FE9D22C2EA67C00DAA15E /* Shared Components */ = {
			isa = PBXGroup;
			children = (
			);
			path = "Shared Components";
			sourceTree = "<group>";
		};
		B91FE9D32C2F10CC00DAA15E /* Home Tab */ = {
			isa = PBXGroup;
			children = (
				B91FE9D42C2F10E100DAA15E /* HomeView.swift */,
			);
			path = "Home Tab";
			sourceTree = "<group>";
		};
		B91FE9D62C2F115600DAA15E /* History Tab */ = {
			isa = PBXGroup;
			children = (
				B91FE9D92C2F118300DAA15E /* HistoryView.swift */,
			);
			path = "History Tab";
			sourceTree = "<group>";
		};
		B91FE9DB2C2F11AB00DAA15E /* Stats Tab */ = {
			isa = PBXGroup;
			children = (
				B91FE9DC2C2F11BA00DAA15E /* StatsView.swift */,
			);
			path = "Stats Tab";
			sourceTree = "<group>";
		};
/* End PBXGroup section */

/* Begin PBXNativeTarget section */
		B90C9FB72C19F42900EE25F2 /* SetStat */ = {
			isa = PBXNativeTarget;
			buildConfigurationList = B90C9FDC2C19F42B00EE25F2 /* Build configuration list for PBXNativeTarget "SetStat" */;
			buildPhases = (
				B90C9FB42C19F42900EE25F2 /* Sources */,
				B90C9FB52C19F42900EE25F2 /* Frameworks */,
				B90C9FB62C19F42900EE25F2 /* Resources */,
			);
			buildRules = (
			);
			dependencies = (
			);
			name = SetStat;
			packageProductDependencies = (
				B94609A82C62356300CB743E /* Inject */,
				B94609AA2C62356E00CB743E /* NavigationTransitions */,
			);
			productName = SetStat;
			productReference = B90C9FB82C19F42900EE25F2 /* SetStat.app */;
			productType = "com.apple.product-type.application";
		};
		B90C9FC72C19F42B00EE25F2 /* SetStatTests */ = {
			isa = PBXNativeTarget;
			buildConfigurationList = B90C9FDF2C19F42B00EE25F2 /* Build configuration list for PBXNativeTarget "SetStatTests" */;
			buildPhases = (
				B90C9FC42C19F42B00EE25F2 /* Sources */,
				B90C9FC52C19F42B00EE25F2 /* Frameworks */,
				B90C9FC62C19F42B00EE25F2 /* Resources */,
			);
			buildRules = (
			);
			dependencies = (
				B90C9FCA2C19F42B00EE25F2 /* PBXTargetDependency */,
			);
			name = SetStatTests;
			productName = SetStatTests;
			productReference = B90C9FC82C19F42B00EE25F2 /* SetStatTests.xctest */;
			productType = "com.apple.product-type.bundle.unit-test";
		};
		B90C9FD12C19F42B00EE25F2 /* SetStatUITests */ = {
			isa = PBXNativeTarget;
			buildConfigurationList = B90C9FE22C19F42B00EE25F2 /* Build configuration list for PBXNativeTarget "SetStatUITests" */;
			buildPhases = (
				B90C9FCE2C19F42B00EE25F2 /* Sources */,
				B90C9FCF2C19F42B00EE25F2 /* Frameworks */,
				B90C9FD02C19F42B00EE25F2 /* Resources */,
			);
			buildRules = (
			);
			dependencies = (
				B90C9FD42C19F42B00EE25F2 /* PBXTargetDependency */,
			);
			name = SetStatUITests;
			productName = SetStatUITests;
			productReference = B90C9FD22C19F42B00EE25F2 /* SetStatUITests.xctest */;
			productType = "com.apple.product-type.bundle.ui-testing";
		};
/* End PBXNativeTarget section */

/* Begin PBXProject section */
		B90C9FB02C19F42900EE25F2 /* Project object */ = {
			isa = PBXProject;
			attributes = {
				BuildIndependentTargetsInParallel = 1;
				LastSwiftUpdateCheck = 1540;
				LastUpgradeCheck = 1540;
				TargetAttributes = {
					B90C9FB72C19F42900EE25F2 = {
						CreatedOnToolsVersion = 15.4;
					};
					B90C9FC72C19F42B00EE25F2 = {
						CreatedOnToolsVersion = 15.4;
						TestTargetID = B90C9FB72C19F42900EE25F2;
					};
					B90C9FD12C19F42B00EE25F2 = {
						CreatedOnToolsVersion = 15.4;
						TestTargetID = B90C9FB72C19F42900EE25F2;
					};
				};
			};
			buildConfigurationList = B90C9FB32C19F42900EE25F2 /* Build configuration list for PBXProject "SetStat" */;
			compatibilityVersion = "Xcode 14.0";
			developmentRegion = en;
			hasScannedForEncodings = 0;
			knownRegions = (
				en,
				Base,
			);
			mainGroup = B90C9FAF2C19F42900EE25F2;
			packageReferences = (
				B9A7D4C72C3E9B5B00D9A50C /* XCRemoteSwiftPackageReference "swiftui-navigation-transitions" */,
				B9EA0AA92C414428009DCA2A /* XCRemoteSwiftPackageReference "Inject" */,
			);
			productRefGroup = B90C9FB92C19F42900EE25F2 /* Products */;
			projectDirPath = "";
			projectRoot = "";
			targets = (
				B90C9FB72C19F42900EE25F2 /* SetStat */,
				B90C9FC72C19F42B00EE25F2 /* SetStatTests */,
				B90C9FD12C19F42B00EE25F2 /* SetStatUITests */,
			);
		};
/* End PBXProject section */

/* Begin PBXResourcesBuildPhase section */
		B90C9FB62C19F42900EE25F2 /* Resources */ = {
			isa = PBXResourcesBuildPhase;
			buildActionMask = 2147483647;
			files = (
				B90C9FC32C19F42B00EE25F2 /* Preview Assets.xcassets in Resources */,
				B90C9FC02C19F42B00EE25F2 /* Assets.xcassets in Resources */,
			);
			runOnlyForDeploymentPostprocessing = 0;
		};
		B90C9FC62C19F42B00EE25F2 /* Resources */ = {
			isa = PBXResourcesBuildPhase;
			buildActionMask = 2147483647;
			files = (
			);
			runOnlyForDeploymentPostprocessing = 0;
		};
		B90C9FD02C19F42B00EE25F2 /* Resources */ = {
			isa = PBXResourcesBuildPhase;
			buildActionMask = 2147483647;
			files = (
			);
			runOnlyForDeploymentPostprocessing = 0;
		};
/* End PBXResourcesBuildPhase section */

/* Begin PBXSourcesBuildPhase section */
		B90C9FB42C19F42900EE25F2 /* Sources */ = {
			isa = PBXSourcesBuildPhase;
			buildActionMask = 2147483647;
			files = (
				B9EA0AAF2C590190009DCA2A /* ExerciseStatsView.swift in Sources */,
				B90A539D2C218020005123A4 /* EditWorkoutView.swift in Sources */,
				B91FE9DA2C2F118300DAA15E /* HistoryView.swift in Sources */,
				B912D1992C381E9300AB07CA /* WorkoutListView.swift in Sources */,
				B90C9FF02C19FA1200EE25F2 /* AddWorkoutView.swift in Sources */,
				B90C9FEB2C19F5B900EE25F2 /* Set.swift in Sources */,
				B90C9FBE2C19F42900EE25F2 /* ContentView.swift in Sources */,
				B90C9FBC2C19F42900EE25F2 /* SetStatApp.swift in Sources */,
				B94609A72C5C0E8E00CB743E /* ExerciseStatListTile.swift in Sources */,
				B91FE9E12C31704C00DAA15E /* Router.swift in Sources */,
				B91FE9D52C2F10E100DAA15E /* HomeView.swift in Sources */,
				B90C9FF22C1AECFD00EE25F2 /* AddExerciseView.swift in Sources */,
				B90C9FE92C19F57C00EE25F2 /* ExerciseName.swift in Sources */,
				B9EA0AA82C402FF0009DCA2A /* WorkoutDetailView.swift in Sources */,
				B9EA0AAD2C57B967009DCA2A /* PreviousExerciseView.swift in Sources */,
				B91FE9DD2C2F11BA00DAA15E /* StatsView.swift in Sources */,
				B90C9FE72C19F43F00EE25F2 /* Exercise.swift in Sources */,
				B90A53962C1B9306005123A4 /* EditExeriseView.swift in Sources */,
				B90C9FED2C19F61900EE25F2 /* Workout.swift in Sources */,
			);
			runOnlyForDeploymentPostprocessing = 0;
		};
		B90C9FC42C19F42B00EE25F2 /* Sources */ = {
			isa = PBXSourcesBuildPhase;
			buildActionMask = 2147483647;
			files = (
				B90C9FCD2C19F42B00EE25F2 /* SetStatTests.swift in Sources */,
			);
			runOnlyForDeploymentPostprocessing = 0;
		};
		B90C9FCE2C19F42B00EE25F2 /* Sources */ = {
			isa = PBXSourcesBuildPhase;
			buildActionMask = 2147483647;
			files = (
				B90C9FD72C19F42B00EE25F2 /* SetStatUITests.swift in Sources */,
				B90C9FD92C19F42B00EE25F2 /* SetStatUITestsLaunchTests.swift in Sources */,
			);
			runOnlyForDeploymentPostprocessing = 0;
		};
/* End PBXSourcesBuildPhase section */

/* Begin PBXTargetDependency section */
		B90C9FCA2C19F42B00EE25F2 /* PBXTargetDependency */ = {
			isa = PBXTargetDependency;
			target = B90C9FB72C19F42900EE25F2 /* SetStat */;
			targetProxy = B90C9FC92C19F42B00EE25F2 /* PBXContainerItemProxy */;
		};
		B90C9FD42C19F42B00EE25F2 /* PBXTargetDependency */ = {
			isa = PBXTargetDependency;
			target = B90C9FB72C19F42900EE25F2 /* SetStat */;
			targetProxy = B90C9FD32C19F42B00EE25F2 /* PBXContainerItemProxy */;
		};
/* End PBXTargetDependency section */

/* Begin XCBuildConfiguration section */
		B90C9FDA2C19F42B00EE25F2 /* Debug */ = {
			isa = XCBuildConfiguration;
			buildSettings = {
				ALWAYS_SEARCH_USER_PATHS = NO;
				ASSETCATALOG_COMPILER_GENERATE_SWIFT_ASSET_SYMBOL_EXTENSIONS = YES;
				CLANG_ANALYZER_NONNULL = YES;
				CLANG_ANALYZER_NUMBER_OBJECT_CONVERSION = YES_AGGRESSIVE;
				CLANG_CXX_LANGUAGE_STANDARD = "gnu++20";
				CLANG_ENABLE_MODULES = YES;
				CLANG_ENABLE_OBJC_ARC = YES;
				CLANG_ENABLE_OBJC_WEAK = YES;
				CLANG_WARN_BLOCK_CAPTURE_AUTORELEASING = YES;
				CLANG_WARN_BOOL_CONVERSION = YES;
				CLANG_WARN_COMMA = YES;
				CLANG_WARN_CONSTANT_CONVERSION = YES;
				CLANG_WARN_DEPRECATED_OBJC_IMPLEMENTATIONS = YES;
				CLANG_WARN_DIRECT_OBJC_ISA_USAGE = YES_ERROR;
				CLANG_WARN_DOCUMENTATION_COMMENTS = YES;
				CLANG_WARN_EMPTY_BODY = YES;
				CLANG_WARN_ENUM_CONVERSION = YES;
				CLANG_WARN_INFINITE_RECURSION = YES;
				CLANG_WARN_INT_CONVERSION = YES;
				CLANG_WARN_NON_LITERAL_NULL_CONVERSION = YES;
				CLANG_WARN_OBJC_IMPLICIT_RETAIN_SELF = YES;
				CLANG_WARN_OBJC_LITERAL_CONVERSION = YES;
				CLANG_WARN_OBJC_ROOT_CLASS = YES_ERROR;
				CLANG_WARN_QUOTED_INCLUDE_IN_FRAMEWORK_HEADER = YES;
				CLANG_WARN_RANGE_LOOP_ANALYSIS = YES;
				CLANG_WARN_STRICT_PROTOTYPES = YES;
				CLANG_WARN_SUSPICIOUS_MOVE = YES;
				CLANG_WARN_UNGUARDED_AVAILABILITY = YES_AGGRESSIVE;
				CLANG_WARN_UNREACHABLE_CODE = YES;
				CLANG_WARN__DUPLICATE_METHOD_MATCH = YES;
				COPY_PHASE_STRIP = NO;
				DEBUG_INFORMATION_FORMAT = dwarf;
				ENABLE_STRICT_OBJC_MSGSEND = YES;
				ENABLE_TESTABILITY = YES;
				ENABLE_USER_SCRIPT_SANDBOXING = YES;
				GCC_C_LANGUAGE_STANDARD = gnu17;
				GCC_DYNAMIC_NO_PIC = NO;
				GCC_NO_COMMON_BLOCKS = YES;
				GCC_OPTIMIZATION_LEVEL = 0;
				GCC_PREPROCESSOR_DEFINITIONS = (
					"DEBUG=1",
					"$(inherited)",
				);
				GCC_WARN_64_TO_32_BIT_CONVERSION = YES;
				GCC_WARN_ABOUT_RETURN_TYPE = YES_ERROR;
				GCC_WARN_UNDECLARED_SELECTOR = YES;
				GCC_WARN_UNINITIALIZED_AUTOS = YES_AGGRESSIVE;
				GCC_WARN_UNUSED_FUNCTION = YES;
				GCC_WARN_UNUSED_VARIABLE = YES;
				IPHONEOS_DEPLOYMENT_TARGET = 17.5;
				LOCALIZATION_PREFERS_STRING_CATALOGS = YES;
				MTL_ENABLE_DEBUG_INFO = INCLUDE_SOURCE;
				MTL_FAST_MATH = YES;
				ONLY_ACTIVE_ARCH = YES;
				SDKROOT = iphoneos;
				SWIFT_ACTIVE_COMPILATION_CONDITIONS = "DEBUG $(inherited)";
				SWIFT_OPTIMIZATION_LEVEL = "-Onone";
			};
			name = Debug;
		};
		B90C9FDB2C19F42B00EE25F2 /* Release */ = {
			isa = XCBuildConfiguration;
			buildSettings = {
				ALWAYS_SEARCH_USER_PATHS = NO;
				ASSETCATALOG_COMPILER_GENERATE_SWIFT_ASSET_SYMBOL_EXTENSIONS = YES;
				CLANG_ANALYZER_NONNULL = YES;
				CLANG_ANALYZER_NUMBER_OBJECT_CONVERSION = YES_AGGRESSIVE;
				CLANG_CXX_LANGUAGE_STANDARD = "gnu++20";
				CLANG_ENABLE_MODULES = YES;
				CLANG_ENABLE_OBJC_ARC = YES;
				CLANG_ENABLE_OBJC_WEAK = YES;
				CLANG_WARN_BLOCK_CAPTURE_AUTORELEASING = YES;
				CLANG_WARN_BOOL_CONVERSION = YES;
				CLANG_WARN_COMMA = YES;
				CLANG_WARN_CONSTANT_CONVERSION = YES;
				CLANG_WARN_DEPRECATED_OBJC_IMPLEMENTATIONS = YES;
				CLANG_WARN_DIRECT_OBJC_ISA_USAGE = YES_ERROR;
				CLANG_WARN_DOCUMENTATION_COMMENTS = YES;
				CLANG_WARN_EMPTY_BODY = YES;
				CLANG_WARN_ENUM_CONVERSION = YES;
				CLANG_WARN_INFINITE_RECURSION = YES;
				CLANG_WARN_INT_CONVERSION = YES;
				CLANG_WARN_NON_LITERAL_NULL_CONVERSION = YES;
				CLANG_WARN_OBJC_IMPLICIT_RETAIN_SELF = YES;
				CLANG_WARN_OBJC_LITERAL_CONVERSION = YES;
				CLANG_WARN_OBJC_ROOT_CLASS = YES_ERROR;
				CLANG_WARN_QUOTED_INCLUDE_IN_FRAMEWORK_HEADER = YES;
				CLANG_WARN_RANGE_LOOP_ANALYSIS = YES;
				CLANG_WARN_STRICT_PROTOTYPES = YES;
				CLANG_WARN_SUSPICIOUS_MOVE = YES;
				CLANG_WARN_UNGUARDED_AVAILABILITY = YES_AGGRESSIVE;
				CLANG_WARN_UNREACHABLE_CODE = YES;
				CLANG_WARN__DUPLICATE_METHOD_MATCH = YES;
				COPY_PHASE_STRIP = NO;
				DEBUG_INFORMATION_FORMAT = "dwarf-with-dsym";
				ENABLE_NS_ASSERTIONS = NO;
				ENABLE_STRICT_OBJC_MSGSEND = YES;
				ENABLE_USER_SCRIPT_SANDBOXING = YES;
				GCC_C_LANGUAGE_STANDARD = gnu17;
				GCC_NO_COMMON_BLOCKS = YES;
				GCC_WARN_64_TO_32_BIT_CONVERSION = YES;
				GCC_WARN_ABOUT_RETURN_TYPE = YES_ERROR;
				GCC_WARN_UNDECLARED_SELECTOR = YES;
				GCC_WARN_UNINITIALIZED_AUTOS = YES_AGGRESSIVE;
				GCC_WARN_UNUSED_FUNCTION = YES;
				GCC_WARN_UNUSED_VARIABLE = YES;
				IPHONEOS_DEPLOYMENT_TARGET = 17.5;
				LOCALIZATION_PREFERS_STRING_CATALOGS = YES;
				MTL_ENABLE_DEBUG_INFO = NO;
				MTL_FAST_MATH = YES;
				SDKROOT = iphoneos;
				SWIFT_COMPILATION_MODE = wholemodule;
				VALIDATE_PRODUCT = YES;
			};
			name = Release;
		};
		B90C9FDD2C19F42B00EE25F2 /* Debug */ = {
			isa = XCBuildConfiguration;
			buildSettings = {
				ASSETCATALOG_COMPILER_APPICON_NAME = AppIcon;
				ASSETCATALOG_COMPILER_GLOBAL_ACCENT_COLOR_NAME = AccentColor;
				CODE_SIGN_STYLE = Automatic;
				CURRENT_PROJECT_VERSION = 1;
				DEVELOPMENT_ASSET_PATHS = "\"SetStat/Preview Content\"";
				DEVELOPMENT_TEAM = P8LS79FMXQ;
				ENABLE_PREVIEWS = YES;
				GENERATE_INFOPLIST_FILE = YES;
				INFOPLIST_KEY_UIApplicationSceneManifest_Generation = YES;
				INFOPLIST_KEY_UIApplicationSupportsIndirectInputEvents = YES;
				INFOPLIST_KEY_UILaunchScreen_Generation = YES;
				INFOPLIST_KEY_UISupportedInterfaceOrientations_iPad = "UIInterfaceOrientationPortrait UIInterfaceOrientationPortraitUpsideDown UIInterfaceOrientationLandscapeLeft UIInterfaceOrientationLandscapeRight";
				INFOPLIST_KEY_UISupportedInterfaceOrientations_iPhone = "UIInterfaceOrientationPortrait UIInterfaceOrientationLandscapeLeft UIInterfaceOrientationLandscapeRight";
				LD_RUNPATH_SEARCH_PATHS = (
					"$(inherited)",
					"@executable_path/Frameworks",
				);
				MARKETING_VERSION = 1.0;
				"OTHER_LDFLAGS[arch=*]" = (
					"-Xlinker",
					"-interposable",
				);
				PRODUCT_BUNDLE_IDENTIFIER = labudsoft.com.SetStat;
				PRODUCT_NAME = "$(TARGET_NAME)";
				SWIFT_EMIT_LOC_STRINGS = YES;
				SWIFT_VERSION = 5.0;
				TARGETED_DEVICE_FAMILY = "1,2";
			};
			name = Debug;
		};
		B90C9FDE2C19F42B00EE25F2 /* Release */ = {
			isa = XCBuildConfiguration;
			buildSettings = {
				ASSETCATALOG_COMPILER_APPICON_NAME = AppIcon;
				ASSETCATALOG_COMPILER_GLOBAL_ACCENT_COLOR_NAME = AccentColor;
				CODE_SIGN_STYLE = Automatic;
				CURRENT_PROJECT_VERSION = 1;
				DEVELOPMENT_ASSET_PATHS = "\"SetStat/Preview Content\"";
				DEVELOPMENT_TEAM = P8LS79FMXQ;
				ENABLE_PREVIEWS = YES;
				GENERATE_INFOPLIST_FILE = YES;
				INFOPLIST_KEY_UIApplicationSceneManifest_Generation = YES;
				INFOPLIST_KEY_UIApplicationSupportsIndirectInputEvents = YES;
				INFOPLIST_KEY_UILaunchScreen_Generation = YES;
				INFOPLIST_KEY_UISupportedInterfaceOrientations_iPad = "UIInterfaceOrientationPortrait UIInterfaceOrientationPortraitUpsideDown UIInterfaceOrientationLandscapeLeft UIInterfaceOrientationLandscapeRight";
				INFOPLIST_KEY_UISupportedInterfaceOrientations_iPhone = "UIInterfaceOrientationPortrait UIInterfaceOrientationLandscapeLeft UIInterfaceOrientationLandscapeRight";
				LD_RUNPATH_SEARCH_PATHS = (
					"$(inherited)",
					"@executable_path/Frameworks",
				);
				MARKETING_VERSION = 1.0;
				PRODUCT_BUNDLE_IDENTIFIER = labudsoft.com.SetStat;
				PRODUCT_NAME = "$(TARGET_NAME)";
				SWIFT_EMIT_LOC_STRINGS = YES;
				SWIFT_VERSION = 5.0;
				TARGETED_DEVICE_FAMILY = "1,2";
			};
			name = Release;
		};
		B90C9FE02C19F42B00EE25F2 /* Debug */ = {
			isa = XCBuildConfiguration;
			buildSettings = {
				ALWAYS_EMBED_SWIFT_STANDARD_LIBRARIES = YES;
				BUNDLE_LOADER = "$(TEST_HOST)";
				CODE_SIGN_STYLE = Automatic;
				CURRENT_PROJECT_VERSION = 1;
				DEVELOPMENT_TEAM = P8LS79FMXQ;
				GENERATE_INFOPLIST_FILE = YES;
				IPHONEOS_DEPLOYMENT_TARGET = 17.5;
				MARKETING_VERSION = 1.0;
				PRODUCT_BUNDLE_IDENTIFIER = labudsoft.com.SetStatTests;
				PRODUCT_NAME = "$(TARGET_NAME)";
				SWIFT_EMIT_LOC_STRINGS = NO;
				SWIFT_VERSION = 5.0;
				TARGETED_DEVICE_FAMILY = "1,2";
				TEST_HOST = "$(BUILT_PRODUCTS_DIR)/SetStat.app/$(BUNDLE_EXECUTABLE_FOLDER_PATH)/SetStat";
			};
			name = Debug;
		};
		B90C9FE12C19F42B00EE25F2 /* Release */ = {
			isa = XCBuildConfiguration;
			buildSettings = {
				ALWAYS_EMBED_SWIFT_STANDARD_LIBRARIES = YES;
				BUNDLE_LOADER = "$(TEST_HOST)";
				CODE_SIGN_STYLE = Automatic;
				CURRENT_PROJECT_VERSION = 1;
				DEVELOPMENT_TEAM = P8LS79FMXQ;
				GENERATE_INFOPLIST_FILE = YES;
				IPHONEOS_DEPLOYMENT_TARGET = 17.5;
				MARKETING_VERSION = 1.0;
				PRODUCT_BUNDLE_IDENTIFIER = labudsoft.com.SetStatTests;
				PRODUCT_NAME = "$(TARGET_NAME)";
				SWIFT_EMIT_LOC_STRINGS = NO;
				SWIFT_VERSION = 5.0;
				TARGETED_DEVICE_FAMILY = "1,2";
				TEST_HOST = "$(BUILT_PRODUCTS_DIR)/SetStat.app/$(BUNDLE_EXECUTABLE_FOLDER_PATH)/SetStat";
			};
			name = Release;
		};
		B90C9FE32C19F42B00EE25F2 /* Debug */ = {
			isa = XCBuildConfiguration;
			buildSettings = {
				ALWAYS_EMBED_SWIFT_STANDARD_LIBRARIES = YES;
				CODE_SIGN_STYLE = Automatic;
				CURRENT_PROJECT_VERSION = 1;
				DEVELOPMENT_TEAM = P8LS79FMXQ;
				GENERATE_INFOPLIST_FILE = YES;
				MARKETING_VERSION = 1.0;
				PRODUCT_BUNDLE_IDENTIFIER = labudsoft.com.SetStatUITests;
				PRODUCT_NAME = "$(TARGET_NAME)";
				SWIFT_EMIT_LOC_STRINGS = NO;
				SWIFT_VERSION = 5.0;
				TARGETED_DEVICE_FAMILY = "1,2";
				TEST_TARGET_NAME = SetStat;
			};
			name = Debug;
		};
		B90C9FE42C19F42B00EE25F2 /* Release */ = {
			isa = XCBuildConfiguration;
			buildSettings = {
				ALWAYS_EMBED_SWIFT_STANDARD_LIBRARIES = YES;
				CODE_SIGN_STYLE = Automatic;
				CURRENT_PROJECT_VERSION = 1;
				DEVELOPMENT_TEAM = P8LS79FMXQ;
				GENERATE_INFOPLIST_FILE = YES;
				MARKETING_VERSION = 1.0;
				PRODUCT_BUNDLE_IDENTIFIER = labudsoft.com.SetStatUITests;
				PRODUCT_NAME = "$(TARGET_NAME)";
				SWIFT_EMIT_LOC_STRINGS = NO;
				SWIFT_VERSION = 5.0;
				TARGETED_DEVICE_FAMILY = "1,2";
				TEST_TARGET_NAME = SetStat;
			};
			name = Release;
		};
/* End XCBuildConfiguration section */

/* Begin XCConfigurationList section */
		B90C9FB32C19F42900EE25F2 /* Build configuration list for PBXProject "SetStat" */ = {
			isa = XCConfigurationList;
			buildConfigurations = (
				B90C9FDA2C19F42B00EE25F2 /* Debug */,
				B90C9FDB2C19F42B00EE25F2 /* Release */,
			);
			defaultConfigurationIsVisible = 0;
			defaultConfigurationName = Release;
		};
		B90C9FDC2C19F42B00EE25F2 /* Build configuration list for PBXNativeTarget "SetStat" */ = {
			isa = XCConfigurationList;
			buildConfigurations = (
				B90C9FDD2C19F42B00EE25F2 /* Debug */,
				B90C9FDE2C19F42B00EE25F2 /* Release */,
			);
			defaultConfigurationIsVisible = 0;
			defaultConfigurationName = Release;
		};
		B90C9FDF2C19F42B00EE25F2 /* Build configuration list for PBXNativeTarget "SetStatTests" */ = {
			isa = XCConfigurationList;
			buildConfigurations = (
				B90C9FE02C19F42B00EE25F2 /* Debug */,
				B90C9FE12C19F42B00EE25F2 /* Release */,
			);
			defaultConfigurationIsVisible = 0;
			defaultConfigurationName = Release;
		};
		B90C9FE22C19F42B00EE25F2 /* Build configuration list for PBXNativeTarget "SetStatUITests" */ = {
			isa = XCConfigurationList;
			buildConfigurations = (
				B90C9FE32C19F42B00EE25F2 /* Debug */,
				B90C9FE42C19F42B00EE25F2 /* Release */,
			);
			defaultConfigurationIsVisible = 0;
			defaultConfigurationName = Release;
		};
/* End XCConfigurationList section */

/* Begin XCRemoteSwiftPackageReference section */
		B9A7D4C72C3E9B5B00D9A50C /* XCRemoteSwiftPackageReference "swiftui-navigation-transitions" */ = {
			isa = XCRemoteSwiftPackageReference;
			repositoryURL = "https://github.com/davdroman/swiftui-navigation-transitions";
			requirement = {
				kind = upToNextMajorVersion;
				minimumVersion = 0.13.3;
			};
		};
		B9EA0AA92C414428009DCA2A /* XCRemoteSwiftPackageReference "Inject" */ = {
			isa = XCRemoteSwiftPackageReference;
			repositoryURL = "https://github.com/krzysztofzablocki/Inject.git";
			requirement = {
				kind = upToNextMajorVersion;
				minimumVersion = 1.5.2;
			};
		};
/* End XCRemoteSwiftPackageReference section */

/* Begin XCSwiftPackageProductDependency section */
		B94609A82C62356300CB743E /* Inject */ = {
			isa = XCSwiftPackageProductDependency;
			package = B9EA0AA92C414428009DCA2A /* XCRemoteSwiftPackageReference "Inject" */;
			productName = Inject;
		};
		B94609AA2C62356E00CB743E /* NavigationTransitions */ = {
			isa = XCSwiftPackageProductDependency;
			package = B9A7D4C72C3E9B5B00D9A50C /* XCRemoteSwiftPackageReference "swiftui-navigation-transitions" */;
			productName = NavigationTransitions;
		};
/* End XCSwiftPackageProductDependency section */
	};
	rootObject = B90C9FB02C19F42900EE25F2 /* Project object */;
}
